
Microsoft Visual Studio Solution File, Format Version 12.00
# Visual Studio Version 17
VisualStudioVersion = 17.3.32929.385
MinimumVisualStudioVersion = 10.0.40219.1
Project("{FAE04EC0-301F-11D3-BF4B-00C04F79EFBC}") = "Friont-To-Back", "Friont-To-Back\Friont-To-Back.csproj", "{F4DFC5A5-6E78-4E2E-85DE-B7192FE86E47}"
EndProject
Global
	GlobalSection(SolutionConfigurationPlatforms) = preSolution
		Debug|Any CPU = Debug|Any CPU
		Release|Any CPU = Release|Any CPU
	EndGlobalSection
	GlobalSection(ProjectConfigurationPlatforms) = postSolution
		{F4DFC5A5-6E78-4E2E-85DE-B7192FE86E47}.Debug|Any CPU.ActiveCfg = Debug|Any CPU
		{F4DFC5A5-6E78-4E2E-85DE-B7192FE86E47}.Debug|Any CPU.Build.0 = Debug|Any CPU
		{F4DFC5A5-6E78-4E2E-85DE-B7192FE86E47}.Release|Any CPU.ActiveCfg = Release|Any CPU
		{F4DFC5A5-6E78-4E2E-85DE-B7192FE86E47}.Release|Any CPU.Build.0 = Release|Any CPU
	EndGlobalSection
	GlobalSection(SolutionProperties) = preSolution
		HideSolutionNode = FALSE
	EndGlobalSection
	GlobalSection(ExtensibilityGlobals) = postSolution
		SolutionGuid = {3C416829-0D1B-4F1C-BD24-47B48B2482A7}
	EndGlobalSection
EndGlobal
